// !$*UTF8*$!
{
	archiveVersion = 1;
	classes = {
	};
	objectVersion = 56;
	objects = {

/* Begin PBXBuildFile section */
		C91788C62A1E799B00B962A2 /* AddUserViewModelTests.swift in Sources */ = {isa = PBXBuildFile; fileRef = C91788C52A1E799B00B962A2 /* AddUserViewModelTests.swift */; };
		C9DC4C3C2A1E50740016EB93 /* NameValidator.swift in Sources */ = {isa = PBXBuildFile; fileRef = C9DC4C3B2A1E50740016EB93 /* NameValidator.swift */; };
		C9DC4C3E2A1E50BB0016EB93 /* DefaultNameValidator.swift in Sources */ = {isa = PBXBuildFile; fileRef = C9DC4C3D2A1E50BB0016EB93 /* DefaultNameValidator.swift */; };
		C9DC4C412A1E54DD0016EB93 /* MinMaxDateProvider.swift in Sources */ = {isa = PBXBuildFile; fileRef = C9DC4C402A1E54DD0016EB93 /* MinMaxDateProvider.swift */; };
		C9DC4C432A1E560A0016EB93 /* DefaultMinMaxDateProvider.swift in Sources */ = {isa = PBXBuildFile; fileRef = C9DC4C422A1E560A0016EB93 /* DefaultMinMaxDateProvider.swift */; };
		C9DC4C542A1E6DC40016EB93 /* MainViewModelTests.swift in Sources */ = {isa = PBXBuildFile; fileRef = C9DC4C532A1E6DC40016EB93 /* MainViewModelTests.swift */; };
		C9F0E5212A1C93E100F043D2 /* UserAppApp.swift in Sources */ = {isa = PBXBuildFile; fileRef = C9F0E5202A1C93E100F043D2 /* UserAppApp.swift */; };
		C9F0E5252A1C93E200F043D2 /* Assets.xcassets in Resources */ = {isa = PBXBuildFile; fileRef = C9F0E5242A1C93E200F043D2 /* Assets.xcassets */; };
		C9F0E5282A1C93E200F043D2 /* Preview Assets.xcassets in Resources */ = {isa = PBXBuildFile; fileRef = C9F0E5272A1C93E200F043D2 /* Preview Assets.xcassets */; };
		C9F0E5332A1C948F00F043D2 /* MainView.swift in Sources */ = {isa = PBXBuildFile; fileRef = C9F0E5322A1C948F00F043D2 /* MainView.swift */; };
		C9F0E5352A1C949700F043D2 /* AddUserView.swift in Sources */ = {isa = PBXBuildFile; fileRef = C9F0E5342A1C949700F043D2 /* AddUserView.swift */; };
		C9F0E5372A1C9E2D00F043D2 /* MainViewModel.swift in Sources */ = {isa = PBXBuildFile; fileRef = C9F0E5362A1C9E2D00F043D2 /* MainViewModel.swift */; };
		C9F0E5392A1C9E3400F043D2 /* AddUserViewModel.swift in Sources */ = {isa = PBXBuildFile; fileRef = C9F0E5382A1C9E3400F043D2 /* AddUserViewModel.swift */; };
		C9F0E53B2A1C9E4300F043D2 /* User.swift in Sources */ = {isa = PBXBuildFile; fileRef = C9F0E53A2A1C9E4300F043D2 /* User.swift */; };
/* End PBXBuildFile section */

/* Begin PBXContainerItemProxy section */
		C9DC4C4D2A1E6D610016EB93 /* PBXContainerItemProxy */ = {
			isa = PBXContainerItemProxy;
			containerPortal = C9F0E5152A1C93E100F043D2 /* Project object */;
			proxyType = 1;
			remoteGlobalIDString = C9F0E51C2A1C93E100F043D2;
			remoteInfo = UserApp;
		};
/* End PBXContainerItemProxy section */

/* Begin PBXFileReference section */
		C91788C52A1E799B00B962A2 /* AddUserViewModelTests.swift */ = {isa = PBXFileReference; lastKnownFileType = sourcecode.swift; path = AddUserViewModelTests.swift; sourceTree = "<group>"; };
		C9DC4C3B2A1E50740016EB93 /* NameValidator.swift */ = {isa = PBXFileReference; lastKnownFileType = sourcecode.swift; path = NameValidator.swift; sourceTree = "<group>"; };
		C9DC4C3D2A1E50BB0016EB93 /* DefaultNameValidator.swift */ = {isa = PBXFileReference; lastKnownFileType = sourcecode.swift; path = DefaultNameValidator.swift; sourceTree = "<group>"; };
		C9DC4C402A1E54DD0016EB93 /* MinMaxDateProvider.swift */ = {isa = PBXFileReference; lastKnownFileType = sourcecode.swift; path = MinMaxDateProvider.swift; sourceTree = "<group>"; };
		C9DC4C422A1E560A0016EB93 /* DefaultMinMaxDateProvider.swift */ = {isa = PBXFileReference; lastKnownFileType = sourcecode.swift; path = DefaultMinMaxDateProvider.swift; sourceTree = "<group>"; };
		C9DC4C492A1E6D610016EB93 /* UserAppTests.xctest */ = {isa = PBXFileReference; explicitFileType = wrapper.cfbundle; includeInIndex = 0; path = UserAppTests.xctest; sourceTree = BUILT_PRODUCTS_DIR; };
		C9DC4C532A1E6DC40016EB93 /* MainViewModelTests.swift */ = {isa = PBXFileReference; lastKnownFileType = sourcecode.swift; path = MainViewModelTests.swift; sourceTree = "<group>"; };
		C9F0E51D2A1C93E100F043D2 /* UserApp.app */ = {isa = PBXFileReference; explicitFileType = wrapper.application; includeInIndex = 0; path = UserApp.app; sourceTree = BUILT_PRODUCTS_DIR; };
		C9F0E5202A1C93E100F043D2 /* UserAppApp.swift */ = {isa = PBXFileReference; lastKnownFileType = sourcecode.swift; path = UserAppApp.swift; sourceTree = "<group>"; };
		C9F0E5242A1C93E200F043D2 /* Assets.xcassets */ = {isa = PBXFileReference; lastKnownFileType = folder.assetcatalog; path = Assets.xcassets; sourceTree = "<group>"; };
		C9F0E5272A1C93E200F043D2 /* Preview Assets.xcassets */ = {isa = PBXFileReference; lastKnownFileType = folder.assetcatalog; path = "Preview Assets.xcassets"; sourceTree = "<group>"; };
		C9F0E5322A1C948F00F043D2 /* MainView.swift */ = {isa = PBXFileReference; lastKnownFileType = sourcecode.swift; path = MainView.swift; sourceTree = "<group>"; };
		C9F0E5342A1C949700F043D2 /* AddUserView.swift */ = {isa = PBXFileReference; lastKnownFileType = sourcecode.swift; path = AddUserView.swift; sourceTree = "<group>"; };
		C9F0E5362A1C9E2D00F043D2 /* MainViewModel.swift */ = {isa = PBXFileReference; lastKnownFileType = sourcecode.swift; path = MainViewModel.swift; sourceTree = "<group>"; };
		C9F0E5382A1C9E3400F043D2 /* AddUserViewModel.swift */ = {isa = PBXFileReference; lastKnownFileType = sourcecode.swift; path = AddUserViewModel.swift; sourceTree = "<group>"; };
		C9F0E53A2A1C9E4300F043D2 /* User.swift */ = {isa = PBXFileReference; lastKnownFileType = sourcecode.swift; path = User.swift; sourceTree = "<group>"; };
/* End PBXFileReference section */

/* Begin PBXFrameworksBuildPhase section */
		C9DC4C462A1E6D610016EB93 /* Frameworks */ = {
			isa = PBXFrameworksBuildPhase;
			buildActionMask = 2147483647;
			files = (
			);
			runOnlyForDeploymentPostprocessing = 0;
		};
		C9F0E51A2A1C93E100F043D2 /* Frameworks */ = {
			isa = PBXFrameworksBuildPhase;
			buildActionMask = 2147483647;
			files = (
			);
			runOnlyForDeploymentPostprocessing = 0;
		};
/* End PBXFrameworksBuildPhase section */

/* Begin PBXGroup section */
		C9DC4C392A1E50490016EB93 /* Models */ = {
			isa = PBXGroup;
			children = (
				C9F0E53A2A1C9E4300F043D2 /* User.swift */,
			);
			path = Models;
			sourceTree = "<group>";
		};
		C9DC4C3A2A1E505A0016EB93 /* Validators */ = {
			isa = PBXGroup;
			children = (
				C9DC4C3B2A1E50740016EB93 /* NameValidator.swift */,
				C9DC4C3D2A1E50BB0016EB93 /* DefaultNameValidator.swift */,
			);
			path = Validators;
			sourceTree = "<group>";
		};
		C9DC4C3F2A1E54BF0016EB93 /* Date Provider */ = {
			isa = PBXGroup;
			children = (
				C9DC4C402A1E54DD0016EB93 /* MinMaxDateProvider.swift */,
				C9DC4C422A1E560A0016EB93 /* DefaultMinMaxDateProvider.swift */,
			);
			path = "Date Provider";
			sourceTree = "<group>";
		};
		C9DC4C442A1E6A230016EB93 /* Resources */ = {
			isa = PBXGroup;
			children = (
				C9F0E5242A1C93E200F043D2 /* Assets.xcassets */,
			);
			path = Resources;
			sourceTree = "<group>";
		};
		C9DC4C4A2A1E6D610016EB93 /* UserAppTests */ = {
			isa = PBXGroup;
			children = (
				C9DC4C522A1E6D970016EB93 /* View Models */,
			);
			path = UserAppTests;
			sourceTree = "<group>";
		};
		C9DC4C522A1E6D970016EB93 /* View Models */ = {
			isa = PBXGroup;
			children = (
				C9DC4C532A1E6DC40016EB93 /* MainViewModelTests.swift */,
				C91788C52A1E799B00B962A2 /* AddUserViewModelTests.swift */,
			);
			path = "View Models";
			sourceTree = "<group>";
		};
		C9F0E5142A1C93E100F043D2 = {
			isa = PBXGroup;
			children = (
				C9F0E51F2A1C93E100F043D2 /* UserApp */,
				C9DC4C4A2A1E6D610016EB93 /* UserAppTests */,
				C9F0E51E2A1C93E100F043D2 /* Products */,
			);
			sourceTree = "<group>";
		};
		C9F0E51E2A1C93E100F043D2 /* Products */ = {
			isa = PBXGroup;
			children = (
				C9F0E51D2A1C93E100F043D2 /* UserApp.app */,
				C9DC4C492A1E6D610016EB93 /* UserAppTests.xctest */,
			);
			name = Products;
			sourceTree = "<group>";
		};
		C9F0E51F2A1C93E100F043D2 /* UserApp */ = {
			isa = PBXGroup;
			children = (
				C9F0E52E2A1C93ED00F043D2 /* App */,
				C9F0E5312A1C941D00F043D2 /* Model */,
				C9F0E52F2A1C93F300F043D2 /* View */,
				C9F0E5302A1C93F900F043D2 /* View Model */,
				C9DC4C442A1E6A230016EB93 /* Resources */,
				C9F0E5262A1C93E200F043D2 /* Preview Content */,
			);
			path = UserApp;
			sourceTree = "<group>";
		};
		C9F0E5262A1C93E200F043D2 /* Preview Content */ = {
			isa = PBXGroup;
			children = (
				C9F0E5272A1C93E200F043D2 /* Preview Assets.xcassets */,
			);
			path = "Preview Content";
			sourceTree = "<group>";
		};
		C9F0E52E2A1C93ED00F043D2 /* App */ = {
			isa = PBXGroup;
			children = (
				C9F0E5202A1C93E100F043D2 /* UserAppApp.swift */,
			);
			path = App;
			sourceTree = "<group>";
		};
		C9F0E52F2A1C93F300F043D2 /* View */ = {
			isa = PBXGroup;
			children = (
				C9F0E5322A1C948F00F043D2 /* MainView.swift */,
				C9F0E5342A1C949700F043D2 /* AddUserView.swift */,
			);
			path = View;
			sourceTree = "<group>";
		};
		C9F0E5302A1C93F900F043D2 /* View Model */ = {
			isa = PBXGroup;
			children = (
				C9F0E5362A1C9E2D00F043D2 /* MainViewModel.swift */,
				C9F0E5382A1C9E3400F043D2 /* AddUserViewModel.swift */,
			);
			path = "View Model";
			sourceTree = "<group>";
		};
		C9F0E5312A1C941D00F043D2 /* Model */ = {
			isa = PBXGroup;
			children = (
				C9DC4C3F2A1E54BF0016EB93 /* Date Provider */,
				C9DC4C3A2A1E505A0016EB93 /* Validators */,
				C9DC4C392A1E50490016EB93 /* Models */,
			);
			path = Model;
			sourceTree = "<group>";
		};
/* End PBXGroup section */

/* Begin PBXNativeTarget section */
		C9DC4C482A1E6D610016EB93 /* UserAppTests */ = {
			isa = PBXNativeTarget;
			buildConfigurationList = C9DC4C4F2A1E6D610016EB93 /* Build configuration list for PBXNativeTarget "UserAppTests" */;
			buildPhases = (
				C9DC4C452A1E6D610016EB93 /* Sources */,
				C9DC4C462A1E6D610016EB93 /* Frameworks */,
				C9DC4C472A1E6D610016EB93 /* Resources */,
			);
			buildRules = (
			);
			dependencies = (
				C9DC4C4E2A1E6D610016EB93 /* PBXTargetDependency */,
			);
			name = UserAppTests;
			productName = UserAppTests;
			productReference = C9DC4C492A1E6D610016EB93 /* UserAppTests.xctest */;
			productType = "com.apple.product-type.bundle.unit-test";
		};
		C9F0E51C2A1C93E100F043D2 /* UserApp */ = {
			isa = PBXNativeTarget;
			buildConfigurationList = C9F0E52B2A1C93E200F043D2 /* Build configuration list for PBXNativeTarget "UserApp" */;
			buildPhases = (
				C9F0E5192A1C93E100F043D2 /* Sources */,
				C9F0E51A2A1C93E100F043D2 /* Frameworks */,
				C9F0E51B2A1C93E100F043D2 /* Resources */,
			);
			buildRules = (
			);
			dependencies = (
			);
			name = UserApp;
			productName = UserApp;
			productReference = C9F0E51D2A1C93E100F043D2 /* UserApp.app */;
			productType = "com.apple.product-type.application";
		};
/* End PBXNativeTarget section */

/* Begin PBXProject section */
		C9F0E5152A1C93E100F043D2 /* Project object */ = {
			isa = PBXProject;
			attributes = {
				BuildIndependentTargetsInParallel = 1;
				LastSwiftUpdateCheck = 1430;
				LastUpgradeCheck = 1420;
				TargetAttributes = {
					C9DC4C482A1E6D610016EB93 = {
						CreatedOnToolsVersion = 14.3;
						LastSwiftMigration = 1430;
						TestTargetID = C9F0E51C2A1C93E100F043D2;
					};
					C9F0E51C2A1C93E100F043D2 = {
						CreatedOnToolsVersion = 14.2;
					};
				};
			};
			buildConfigurationList = C9F0E5182A1C93E100F043D2 /* Build configuration list for PBXProject "UserApp" */;
			compatibilityVersion = "Xcode 14.0";
			developmentRegion = en;
			hasScannedForEncodings = 0;
			knownRegions = (
				en,
				Base,
			);
			mainGroup = C9F0E5142A1C93E100F043D2;
			productRefGroup = C9F0E51E2A1C93E100F043D2 /* Products */;
			projectDirPath = "";
			projectRoot = "";
			targets = (
				C9F0E51C2A1C93E100F043D2 /* UserApp */,
				C9DC4C482A1E6D610016EB93 /* UserAppTests */,
			);
		};
/* End PBXProject section */

/* Begin PBXResourcesBuildPhase section */
		C9DC4C472A1E6D610016EB93 /* Resources */ = {
			isa = PBXResourcesBuildPhase;
			buildActionMask = 2147483647;
			files = (
			);
			runOnlyForDeploymentPostprocessing = 0;
		};
		C9F0E51B2A1C93E100F043D2 /* Resources */ = {
			isa = PBXResourcesBuildPhase;
			buildActionMask = 2147483647;
			files = (
				C9F0E5282A1C93E200F043D2 /* Preview Assets.xcassets in Resources */,
				C9F0E5252A1C93E200F043D2 /* Assets.xcassets in Resources */,
			);
			runOnlyForDeploymentPostprocessing = 0;
		};
/* End PBXResourcesBuildPhase section */

/* Begin PBXSourcesBuildPhase section */
		C9DC4C452A1E6D610016EB93 /* Sources */ = {
			isa = PBXSourcesBuildPhase;
			buildActionMask = 2147483647;
			files = (
				C9DC4C542A1E6DC40016EB93 /* MainViewModelTests.swift in Sources */,
				C91788C62A1E799B00B962A2 /* AddUserViewModelTests.swift in Sources */,
			);
			runOnlyForDeploymentPostprocessing = 0;
		};
		C9F0E5192A1C93E100F043D2 /* Sources */ = {
			isa = PBXSourcesBuildPhase;
			buildActionMask = 2147483647;
			files = (
				C9DC4C432A1E560A0016EB93 /* DefaultMinMaxDateProvider.swift in Sources */,
				C9F0E5212A1C93E100F043D2 /* UserAppApp.swift in Sources */,
				C9DC4C3E2A1E50BB0016EB93 /* DefaultNameValidator.swift in Sources */,
				C9F0E5332A1C948F00F043D2 /* MainView.swift in Sources */,
				C9DC4C3C2A1E50740016EB93 /* NameValidator.swift in Sources */,
				C9F0E53B2A1C9E4300F043D2 /* User.swift in Sources */,
				C9F0E5352A1C949700F043D2 /* AddUserView.swift in Sources */,
				C9F0E5392A1C9E3400F043D2 /* AddUserViewModel.swift in Sources */,
				C9DC4C412A1E54DD0016EB93 /* MinMaxDateProvider.swift in Sources */,
				C9F0E5372A1C9E2D00F043D2 /* MainViewModel.swift in Sources */,
			);
			runOnlyForDeploymentPostprocessing = 0;
		};
/* End PBXSourcesBuildPhase section */

/* Begin PBXTargetDependency section */
		C9DC4C4E2A1E6D610016EB93 /* PBXTargetDependency */ = {
			isa = PBXTargetDependency;
			target = C9F0E51C2A1C93E100F043D2 /* UserApp */;
			targetProxy = C9DC4C4D2A1E6D610016EB93 /* PBXContainerItemProxy */;
		};
/* End PBXTargetDependency section */

/* Begin XCBuildConfiguration section */
		C9DC4C502A1E6D610016EB93 /* Debug */ = {
			isa = XCBuildConfiguration;
			buildSettings = {
				BUNDLE_LOADER = "$(TEST_HOST)";
				CLANG_ENABLE_MODULES = YES;
				CODE_SIGN_STYLE = Automatic;
				CURRENT_PROJECT_VERSION = 1;
				DEVELOPMENT_TEAM = BJQF9JJWDE;
				GENERATE_INFOPLIST_FILE = YES;
				IPHONEOS_DEPLOYMENT_TARGET = 16.4;
				MARKETING_VERSION = 1.0;
				PRODUCT_BUNDLE_IDENTIFIER = com.jlcs.UserAppTests;
				PRODUCT_NAME = "$(TARGET_NAME)";
				SWIFT_EMIT_LOC_STRINGS = NO;
				SWIFT_OPTIMIZATION_LEVEL = "-Onone";
				SWIFT_VERSION = 5.0;
				TARGETED_DEVICE_FAMILY = "1,2";
				TEST_HOST = "$(BUILT_PRODUCTS_DIR)/UserApp.app/$(BUNDLE_EXECUTABLE_FOLDER_PATH)/UserApp";
			};
			name = Debug;
		};
		C9DC4C512A1E6D610016EB93 /* Release */ = {
			isa = XCBuildConfiguration;
			buildSettings = {
				BUNDLE_LOADER = "$(TEST_HOST)";
				CLANG_ENABLE_MODULES = YES;
				CODE_SIGN_STYLE = Automatic;
				CURRENT_PROJECT_VERSION = 1;
				DEVELOPMENT_TEAM = BJQF9JJWDE;
				GENERATE_INFOPLIST_FILE = YES;
				IPHONEOS_DEPLOYMENT_TARGET = 16.4;
				MARKETING_VERSION = 1.0;
				PRODUCT_BUNDLE_IDENTIFIER = com.jlcs.UserAppTests;
				PRODUCT_NAME = "$(TARGET_NAME)";
				SWIFT_EMIT_LOC_STRINGS = NO;
				SWIFT_VERSION = 5.0;
				TARGETED_DEVICE_FAMILY = "1,2";
				TEST_HOST = "$(BUILT_PRODUCTS_DIR)/UserApp.app/$(BUNDLE_EXECUTABLE_FOLDER_PATH)/UserApp";
			};
			name = Release;
		};
		C9F0E5292A1C93E200F043D2 /* Debug */ = {
			isa = XCBuildConfiguration;
			buildSettings = {
				ALWAYS_SEARCH_USER_PATHS = NO;
				CLANG_ANALYZER_NONNULL = YES;
				CLANG_ANALYZER_NUMBER_OBJECT_CONVERSION = YES_AGGRESSIVE;
				CLANG_CXX_LANGUAGE_STANDARD = "gnu++20";
				CLANG_ENABLE_MODULES = YES;
				CLANG_ENABLE_OBJC_ARC = YES;
				CLANG_ENABLE_OBJC_WEAK = YES;
				CLANG_WARN_BLOCK_CAPTURE_AUTORELEASING = YES;
				CLANG_WARN_BOOL_CONVERSION = YES;
				CLANG_WARN_COMMA = YES;
				CLANG_WARN_CONSTANT_CONVERSION = YES;
				CLANG_WARN_DEPRECATED_OBJC_IMPLEMENTATIONS = YES;
				CLANG_WARN_DIRECT_OBJC_ISA_USAGE = YES_ERROR;
				CLANG_WARN_DOCUMENTATION_COMMENTS = YES;
				CLANG_WARN_EMPTY_BODY = YES;
				CLANG_WARN_ENUM_CONVERSION = YES;
				CLANG_WARN_INFINITE_RECURSION = YES;
				CLANG_WARN_INT_CONVERSION = YES;
				CLANG_WARN_NON_LITERAL_NULL_CONVERSION = YES;
				CLANG_WARN_OBJC_IMPLICIT_RETAIN_SELF = YES;
				CLANG_WARN_OBJC_LITERAL_CONVERSION = YES;
				CLANG_WARN_OBJC_ROOT_CLASS = YES_ERROR;
				CLANG_WARN_QUOTED_INCLUDE_IN_FRAMEWORK_HEADER = YES;
				CLANG_WARN_RANGE_LOOP_ANALYSIS = YES;
				CLANG_WARN_STRICT_PROTOTYPES = YES;
				CLANG_WARN_SUSPICIOUS_MOVE = YES;
				CLANG_WARN_UNGUARDED_AVAILABILITY = YES_AGGRESSIVE;
				CLANG_WARN_UNREACHABLE_CODE = YES;
				CLANG_WARN__DUPLICATE_METHOD_MATCH = YES;
				COPY_PHASE_STRIP = NO;
				DEBUG_INFORMATION_FORMAT = dwarf;
				ENABLE_STRICT_OBJC_MSGSEND = YES;
				ENABLE_TESTABILITY = YES;
				GCC_C_LANGUAGE_STANDARD = gnu11;
				GCC_DYNAMIC_NO_PIC = NO;
				GCC_NO_COMMON_BLOCKS = YES;
				GCC_OPTIMIZATION_LEVEL = 0;
				GCC_PREPROCESSOR_DEFINITIONS = (
					"DEBUG=1",
					"$(inherited)",
				);
				GCC_WARN_64_TO_32_BIT_CONVERSION = YES;
				GCC_WARN_ABOUT_RETURN_TYPE = YES_ERROR;
				GCC_WARN_UNDECLARED_SELECTOR = YES;
				GCC_WARN_UNINITIALIZED_AUTOS = YES_AGGRESSIVE;
				GCC_WARN_UNUSED_FUNCTION = YES;
				GCC_WARN_UNUSED_VARIABLE = YES;
				IPHONEOS_DEPLOYMENT_TARGET = 16.2;
				MTL_ENABLE_DEBUG_INFO = INCLUDE_SOURCE;
				MTL_FAST_MATH = YES;
				ONLY_ACTIVE_ARCH = YES;
				SDKROOT = iphoneos;
				SWIFT_ACTIVE_COMPILATION_CONDITIONS = DEBUG;
				SWIFT_OPTIMIZATION_LEVEL = "-Onone";
			};
			name = Debug;
		};
		C9F0E52A2A1C93E200F043D2 /* Release */ = {
			isa = XCBuildConfiguration;
			buildSettings = {
				ALWAYS_SEARCH_USER_PATHS = NO;
				CLANG_ANALYZER_NONNULL = YES;
				CLANG_ANALYZER_NUMBER_OBJECT_CONVERSION = YES_AGGRESSIVE;
				CLANG_CXX_LANGUAGE_STANDARD = "gnu++20";
				CLANG_ENABLE_MODULES = YES;
				CLANG_ENABLE_OBJC_ARC = YES;
				CLANG_ENABLE_OBJC_WEAK = YES;
				CLANG_WARN_BLOCK_CAPTURE_AUTORELEASING = YES;
				CLANG_WARN_BOOL_CONVERSION = YES;
				CLANG_WARN_COMMA = YES;
				CLANG_WARN_CONSTANT_CONVERSION = YES;
				CLANG_WARN_DEPRECATED_OBJC_IMPLEMENTATIONS = YES;
				CLANG_WARN_DIRECT_OBJC_ISA_USAGE = YES_ERROR;
				CLANG_WARN_DOCUMENTATION_COMMENTS = YES;
				CLANG_WARN_EMPTY_BODY = YES;
				CLANG_WARN_ENUM_CONVERSION = YES;
				CLANG_WARN_INFINITE_RECURSION = YES;
				CLANG_WARN_INT_CONVERSION = YES;
				CLANG_WARN_NON_LITERAL_NULL_CONVERSION = YES;
				CLANG_WARN_OBJC_IMPLICIT_RETAIN_SELF = YES;
				CLANG_WARN_OBJC_LITERAL_CONVERSION = YES;
				CLANG_WARN_OBJC_ROOT_CLASS = YES_ERROR;
				CLANG_WARN_QUOTED_INCLUDE_IN_FRAMEWORK_HEADER = YES;
				CLANG_WARN_RANGE_LOOP_ANALYSIS = YES;
				CLANG_WARN_STRICT_PROTOTYPES = YES;
				CLANG_WARN_SUSPICIOUS_MOVE = YES;
				CLANG_WARN_UNGUARDED_AVAILABILITY = YES_AGGRESSIVE;
				CLANG_WARN_UNREACHABLE_CODE = YES;
				CLANG_WARN__DUPLICATE_METHOD_MATCH = YES;
				COPY_PHASE_STRIP = NO;
				DEBUG_INFORMATION_FORMAT = "dwarf-with-dsym";
				ENABLE_NS_ASSERTIONS = NO;
				ENABLE_STRICT_OBJC_MSGSEND = YES;
				GCC_C_LANGUAGE_STANDARD = gnu11;
				GCC_NO_COMMON_BLOCKS = YES;
				GCC_WARN_64_TO_32_BIT_CONVERSION = YES;
				GCC_WARN_ABOUT_RETURN_TYPE = YES_ERROR;
				GCC_WARN_UNDECLARED_SELECTOR = YES;
				GCC_WARN_UNINITIALIZED_AUTOS = YES_AGGRESSIVE;
				GCC_WARN_UNUSED_FUNCTION = YES;
				GCC_WARN_UNUSED_VARIABLE = YES;
				IPHONEOS_DEPLOYMENT_TARGET = 16.2;
				MTL_ENABLE_DEBUG_INFO = NO;
				MTL_FAST_MATH = YES;
				SDKROOT = iphoneos;
				SWIFT_COMPILATION_MODE = wholemodule;
				SWIFT_OPTIMIZATION_LEVEL = "-O";
				VALIDATE_PRODUCT = YES;
			};
			name = Release;
		};
		C9F0E52C2A1C93E200F043D2 /* Debug */ = {
			isa = XCBuildConfiguration;
			buildSettings = {
				ASSETCATALOG_COMPILER_APPICON_NAME = AppIcon;
				ASSETCATALOG_COMPILER_GLOBAL_ACCENT_COLOR_NAME = AccentColor;
				CODE_SIGN_STYLE = Automatic;
				CURRENT_PROJECT_VERSION = 1;
				DEVELOPMENT_ASSET_PATHS = "\"UserApp/Preview Content\"";
				DEVELOPMENT_TEAM = BJQF9JJWDE;
				ENABLE_PREVIEWS = YES;
				GENERATE_INFOPLIST_FILE = YES;
				INFOPLIST_KEY_UIApplicationSceneManifest_Generation = YES;
				INFOPLIST_KEY_UIApplicationSupportsIndirectInputEvents = YES;
				INFOPLIST_KEY_UILaunchScreen_Generation = YES;
				INFOPLIST_KEY_UISupportedInterfaceOrientations_iPad = "UIInterfaceOrientationPortrait UIInterfaceOrientationPortraitUpsideDown UIInterfaceOrientationLandscapeLeft UIInterfaceOrientationLandscapeRight";
				INFOPLIST_KEY_UISupportedInterfaceOrientations_iPhone = "UIInterfaceOrientationPortrait UIInterfaceOrientationLandscapeLeft UIInterfaceOrientationLandscapeRight";
				LD_RUNPATH_SEARCH_PATHS = (
					"$(inherited)",
					"@executable_path/Frameworks",
				);
				MARKETING_VERSION = 1.0;
				PRODUCT_BUNDLE_IDENTIFIER = com.jlcs.UserApp;
				PRODUCT_NAME = "$(TARGET_NAME)";
				SWIFT_EMIT_LOC_STRINGS = YES;
				SWIFT_VERSION = 5.0;
				TARGETED_DEVICE_FAMILY = "1,2";
			};
			name = Debug;
		};
		C9F0E52D2A1C93E200F043D2 /* Release */ = {
			isa = XCBuildConfiguration;
			buildSettings = {
				ASSETCATALOG_COMPILER_APPICON_NAME = AppIcon;
				ASSETCATALOG_COMPILER_GLOBAL_ACCENT_COLOR_NAME = AccentColor;
				CODE_SIGN_STYLE = Automatic;
				CURRENT_PROJECT_VERSION = 1;
				DEVELOPMENT_ASSET_PATHS = "\"UserApp/Preview Content\"";
				DEVELOPMENT_TEAM = BJQF9JJWDE;
				ENABLE_PREVIEWS = YES;
				GENERATE_INFOPLIST_FILE = YES;
				INFOPLIST_KEY_UIApplicationSceneManifest_Generation = YES;
				INFOPLIST_KEY_UIApplicationSupportsIndirectInputEvents = YES;
				INFOPLIST_KEY_UILaunchScreen_Generation = YES;
				INFOPLIST_KEY_UISupportedInterfaceOrientations_iPad = "UIInterfaceOrientationPortrait UIInterfaceOrientationPortraitUpsideDown UIInterfaceOrientationLandscapeLeft UIInterfaceOrientationLandscapeRight";
				INFOPLIST_KEY_UISupportedInterfaceOrientations_iPhone = "UIInterfaceOrientationPortrait UIInterfaceOrientationLandscapeLeft UIInterfaceOrientationLandscapeRight";
				LD_RUNPATH_SEARCH_PATHS = (
					"$(inherited)",
					"@executable_path/Frameworks",
				);
				MARKETING_VERSION = 1.0;
				PRODUCT_BUNDLE_IDENTIFIER = com.jlcs.UserApp;
				PRODUCT_NAME = "$(TARGET_NAME)";
				SWIFT_EMIT_LOC_STRINGS = YES;
				SWIFT_VERSION = 5.0;
				TARGETED_DEVICE_FAMILY = "1,2";
			};
			name = Release;
		};
/* End XCBuildConfiguration section */

/* Begin XCConfigurationList section */
		C9DC4C4F2A1E6D610016EB93 /* Build configuration list for PBXNativeTarget "UserAppTests" */ = {
			isa = XCConfigurationList;
			buildConfigurations = (
				C9DC4C502A1E6D610016EB93 /* Debug */,
				C9DC4C512A1E6D610016EB93 /* Release */,
			);
			defaultConfigurationIsVisible = 0;
			defaultConfigurationName = Release;
		};
		C9F0E5182A1C93E100F043D2 /* Build configuration list for PBXProject "UserApp" */ = {
			isa = XCConfigurationList;
			buildConfigurations = (
				C9F0E5292A1C93E200F043D2 /* Debug */,
				C9F0E52A2A1C93E200F043D2 /* Release */,
			);
			defaultConfigurationIsVisible = 0;
			defaultConfigurationName = Release;
		};
		C9F0E52B2A1C93E200F043D2 /* Build configuration list for PBXNativeTarget "UserApp" */ = {
			isa = XCConfigurationList;
			buildConfigurations = (
				C9F0E52C2A1C93E200F043D2 /* Debug */,
				C9F0E52D2A1C93E200F043D2 /* Release */,
			);
			defaultConfigurationIsVisible = 0;
			defaultConfigurationName = Release;
		};
/* End XCConfigurationList section */
	};
	rootObject = C9F0E5152A1C93E100F043D2 /* Project object */;
}
